// !$*UTF8*$!
{
	archiveVersion = 1;
	classes = {
	};
	objectVersion = 56;
	objects = {

/* Begin PBXBuildFile section */
		BB0928DA290D165E00C33ECA /* RickAndMortyApp.swift in Sources */ = {isa = PBXBuildFile; fileRef = BB0928D9290D165E00C33ECA /* RickAndMortyApp.swift */; };
		BB0928DC290D165E00C33ECA /* ContentView.swift in Sources */ = {isa = PBXBuildFile; fileRef = BB0928DB290D165E00C33ECA /* ContentView.swift */; };
		BB0928DE290D166000C33ECA /* Assets.xcassets in Resources */ = {isa = PBXBuildFile; fileRef = BB0928DD290D166000C33ECA /* Assets.xcassets */; };
		BB0928E1290D166000C33ECA /* Preview Assets.xcassets in Resources */ = {isa = PBXBuildFile; fileRef = BB0928E0290D166000C33ECA /* Preview Assets.xcassets */; };
		BB0928EB290D166000C33ECA /* RickAndMortyTests.swift in Sources */ = {isa = PBXBuildFile; fileRef = BB0928EA290D166000C33ECA /* RickAndMortyTests.swift */; };
		BB0928F5290D166000C33ECA /* RickAndMortyUITests.swift in Sources */ = {isa = PBXBuildFile; fileRef = BB0928F4290D166000C33ECA /* RickAndMortyUITests.swift */; };
		BB0928F7290D166000C33ECA /* RickAndMortyUITestsLaunchTests.swift in Sources */ = {isa = PBXBuildFile; fileRef = BB0928F6290D166000C33ECA /* RickAndMortyUITestsLaunchTests.swift */; };
		BB092907290D1A6700C33ECA /* API.swift in Sources */ = {isa = PBXBuildFile; fileRef = BB092906290D1A6700C33ECA /* API.swift */; };
		BB09290F290D226C00C33ECA /* Episode.swift in Sources */ = {isa = PBXBuildFile; fileRef = BB09290E290D226C00C33ECA /* Episode.swift */; };
		BB092910290D226C00C33ECA /* Episode.swift in Sources */ = {isa = PBXBuildFile; fileRef = BB09290E290D226C00C33ECA /* Episode.swift */; };
		BB092912290D228200C33ECA /* Character.swift in Sources */ = {isa = PBXBuildFile; fileRef = BB092911290D228200C33ECA /* Character.swift */; };
		BB092913290D228200C33ECA /* Character.swift in Sources */ = {isa = PBXBuildFile; fileRef = BB092911290D228200C33ECA /* Character.swift */; };
		BB092915290D345400C33ECA /* Location.swift in Sources */ = {isa = PBXBuildFile; fileRef = BB092914290D345400C33ECA /* Location.swift */; };
		BB092916290D345400C33ECA /* Location.swift in Sources */ = {isa = PBXBuildFile; fileRef = BB092914290D345400C33ECA /* Location.swift */; };
		BB092918290D346000C33ECA /* Origin.swift in Sources */ = {isa = PBXBuildFile; fileRef = BB092917290D346000C33ECA /* Origin.swift */; };
		BB092919290D346000C33ECA /* Origin.swift in Sources */ = {isa = PBXBuildFile; fileRef = BB092917290D346000C33ECA /* Origin.swift */; };
		BB09291C290D3A5B00C33ECA /* CharactersScreen.swift in Sources */ = {isa = PBXBuildFile; fileRef = BB09291B290D3A5B00C33ECA /* CharactersScreen.swift */; };
		BB09291D290D3A5C00C33ECA /* CharactersScreen.swift in Sources */ = {isa = PBXBuildFile; fileRef = BB09291B290D3A5B00C33ECA /* CharactersScreen.swift */; };
		BB092920290D40EA00C33ECA /* CharacterView.swift in Sources */ = {isa = PBXBuildFile; fileRef = BB09291F290D40EA00C33ECA /* CharacterView.swift */; };
		BB092921290D40EA00C33ECA /* CharacterView.swift in Sources */ = {isa = PBXBuildFile; fileRef = BB09291F290D40EA00C33ECA /* CharacterView.swift */; };
		BB092924290D6F9600C33ECA /* CharactersService.swift in Sources */ = {isa = PBXBuildFile; fileRef = BB092923290D6F9600C33ECA /* CharactersService.swift */; };
		BB092925290D6F9600C33ECA /* CharactersService.swift in Sources */ = {isa = PBXBuildFile; fileRef = BB092923290D6F9600C33ECA /* CharactersService.swift */; };
		BB092928290DC1FD00C33ECA /* CharacterViewModel.swift in Sources */ = {isa = PBXBuildFile; fileRef = BB092927290DC1FD00C33ECA /* CharacterViewModel.swift */; };
		BB092929290DC1FD00C33ECA /* CharacterViewModel.swift in Sources */ = {isa = PBXBuildFile; fileRef = BB092927290DC1FD00C33ECA /* CharacterViewModel.swift */; };
		BB09292B290E06B200C33ECA /* StatusView.swift in Sources */ = {isa = PBXBuildFile; fileRef = BB09292A290E06B200C33ECA /* StatusView.swift */; };
		BB09292C290E06B200C33ECA /* StatusView.swift in Sources */ = {isa = PBXBuildFile; fileRef = BB09292A290E06B200C33ECA /* StatusView.swift */; };
		BB09292E290E06F300C33ECA /* GenderView.swift in Sources */ = {isa = PBXBuildFile; fileRef = BB09292D290E06F300C33ECA /* GenderView.swift */; };
		BB09292F290E06F300C33ECA /* GenderView.swift in Sources */ = {isa = PBXBuildFile; fileRef = BB09292D290E06F300C33ECA /* GenderView.swift */; };
		BB092930290E2B7F00C33ECA /* GenderView.swift in Sources */ = {isa = PBXBuildFile; fileRef = BB09292D290E06F300C33ECA /* GenderView.swift */; };
		BB092931290E2B8600C33ECA /* StatusView.swift in Sources */ = {isa = PBXBuildFile; fileRef = BB09292A290E06B200C33ECA /* StatusView.swift */; };
		BB092932290E2B8B00C33ECA /* RickAndMortyApp.swift in Sources */ = {isa = PBXBuildFile; fileRef = BB0928D9290D165E00C33ECA /* RickAndMortyApp.swift */; };
		BB092933290E2B8C00C33ECA /* RickAndMortyApp.swift in Sources */ = {isa = PBXBuildFile; fileRef = BB0928D9290D165E00C33ECA /* RickAndMortyApp.swift */; };
		BB092934290E2B8F00C33ECA /* ContentView.swift in Sources */ = {isa = PBXBuildFile; fileRef = BB0928DB290D165E00C33ECA /* ContentView.swift */; };
		BB092935290E2B8F00C33ECA /* ContentView.swift in Sources */ = {isa = PBXBuildFile; fileRef = BB0928DB290D165E00C33ECA /* ContentView.swift */; };
		BB092936290E2B9600C33ECA /* CharacterViewModel.swift in Sources */ = {isa = PBXBuildFile; fileRef = BB092927290DC1FD00C33ECA /* CharacterViewModel.swift */; };
		BB092937290E2B9A00C33ECA /* CharactersService.swift in Sources */ = {isa = PBXBuildFile; fileRef = BB092923290D6F9600C33ECA /* CharactersService.swift */; };
		BB092938290E2B9D00C33ECA /* CharacterView.swift in Sources */ = {isa = PBXBuildFile; fileRef = BB09291F290D40EA00C33ECA /* CharacterView.swift */; };
		BB092939290E2BA100C33ECA /* CharactersScreen.swift in Sources */ = {isa = PBXBuildFile; fileRef = BB09291B290D3A5B00C33ECA /* CharactersScreen.swift */; };
		BB09293A290E2BA400C33ECA /* Character.swift in Sources */ = {isa = PBXBuildFile; fileRef = BB092911290D228200C33ECA /* Character.swift */; };
		BB09293B290E2BA700C33ECA /* Location.swift in Sources */ = {isa = PBXBuildFile; fileRef = BB092914290D345400C33ECA /* Location.swift */; };
		BB09293C290E2BA900C33ECA /* Origin.swift in Sources */ = {isa = PBXBuildFile; fileRef = BB092917290D346000C33ECA /* Origin.swift */; };
		BB09293D290E2BAF00C33ECA /* API.swift in Sources */ = {isa = PBXBuildFile; fileRef = BB092906290D1A6700C33ECA /* API.swift */; };
		BB09293E290E2BAF00C33ECA /* API.swift in Sources */ = {isa = PBXBuildFile; fileRef = BB092906290D1A6700C33ECA /* API.swift */; };
		BB09293F290E2BEE00C33ECA /* Episode.swift in Sources */ = {isa = PBXBuildFile; fileRef = BB09290E290D226C00C33ECA /* Episode.swift */; };
/* End PBXBuildFile section */

/* Begin PBXContainerItemProxy section */
		BB0928E7290D166000C33ECA /* PBXContainerItemProxy */ = {
			isa = PBXContainerItemProxy;
			containerPortal = BB0928CE290D165E00C33ECA /* Project object */;
			proxyType = 1;
			remoteGlobalIDString = BB0928D5290D165E00C33ECA;
			remoteInfo = RickAndMorty;
		};
		BB0928F1290D166000C33ECA /* PBXContainerItemProxy */ = {
			isa = PBXContainerItemProxy;
			containerPortal = BB0928CE290D165E00C33ECA /* Project object */;
			proxyType = 1;
			remoteGlobalIDString = BB0928D5290D165E00C33ECA;
			remoteInfo = RickAndMorty;
		};
/* End PBXContainerItemProxy section */

/* Begin PBXFileReference section */
		BB0928D6290D165E00C33ECA /* RickAndMorty.app */ = {isa = PBXFileReference; explicitFileType = wrapper.application; includeInIndex = 0; path = RickAndMorty.app; sourceTree = BUILT_PRODUCTS_DIR; };
		BB0928D9290D165E00C33ECA /* RickAndMortyApp.swift */ = {isa = PBXFileReference; lastKnownFileType = sourcecode.swift; path = RickAndMortyApp.swift; sourceTree = "<group>"; };
		BB0928DB290D165E00C33ECA /* ContentView.swift */ = {isa = PBXFileReference; lastKnownFileType = sourcecode.swift; path = ContentView.swift; sourceTree = "<group>"; };
		BB0928DD290D166000C33ECA /* Assets.xcassets */ = {isa = PBXFileReference; lastKnownFileType = folder.assetcatalog; path = Assets.xcassets; sourceTree = "<group>"; };
		BB0928E0290D166000C33ECA /* Preview Assets.xcassets */ = {isa = PBXFileReference; lastKnownFileType = folder.assetcatalog; path = "Preview Assets.xcassets"; sourceTree = "<group>"; };
		BB0928E6290D166000C33ECA /* RickAndMortyTests.xctest */ = {isa = PBXFileReference; explicitFileType = wrapper.cfbundle; includeInIndex = 0; path = RickAndMortyTests.xctest; sourceTree = BUILT_PRODUCTS_DIR; };
		BB0928EA290D166000C33ECA /* RickAndMortyTests.swift */ = {isa = PBXFileReference; lastKnownFileType = sourcecode.swift; path = RickAndMortyTests.swift; sourceTree = "<group>"; };
		BB0928F0290D166000C33ECA /* RickAndMortyUITests.xctest */ = {isa = PBXFileReference; explicitFileType = wrapper.cfbundle; includeInIndex = 0; path = RickAndMortyUITests.xctest; sourceTree = BUILT_PRODUCTS_DIR; };
		BB0928F4290D166000C33ECA /* RickAndMortyUITests.swift */ = {isa = PBXFileReference; lastKnownFileType = sourcecode.swift; path = RickAndMortyUITests.swift; sourceTree = "<group>"; };
		BB0928F6290D166000C33ECA /* RickAndMortyUITestsLaunchTests.swift */ = {isa = PBXFileReference; lastKnownFileType = sourcecode.swift; path = RickAndMortyUITestsLaunchTests.swift; sourceTree = "<group>"; };
		BB092906290D1A6700C33ECA /* API.swift */ = {isa = PBXFileReference; lastKnownFileType = sourcecode.swift; path = API.swift; sourceTree = "<group>"; };
		BB09290E290D226C00C33ECA /* Episode.swift */ = {isa = PBXFileReference; lastKnownFileType = sourcecode.swift; path = Episode.swift; sourceTree = "<group>"; };
		BB092911290D228200C33ECA /* Character.swift */ = {isa = PBXFileReference; lastKnownFileType = sourcecode.swift; path = Character.swift; sourceTree = "<group>"; };
		BB092914290D345400C33ECA /* Location.swift */ = {isa = PBXFileReference; lastKnownFileType = sourcecode.swift; path = Location.swift; sourceTree = "<group>"; };
		BB092917290D346000C33ECA /* Origin.swift */ = {isa = PBXFileReference; lastKnownFileType = sourcecode.swift; path = Origin.swift; sourceTree = "<group>"; };
		BB09291B290D3A5B00C33ECA /* CharactersScreen.swift */ = {isa = PBXFileReference; lastKnownFileType = sourcecode.swift; path = CharactersScreen.swift; sourceTree = "<group>"; };
		BB09291F290D40EA00C33ECA /* CharacterView.swift */ = {isa = PBXFileReference; lastKnownFileType = sourcecode.swift; path = CharacterView.swift; sourceTree = "<group>"; };
		BB092923290D6F9600C33ECA /* CharactersService.swift */ = {isa = PBXFileReference; lastKnownFileType = sourcecode.swift; path = CharactersService.swift; sourceTree = "<group>"; };
		BB092927290DC1FD00C33ECA /* CharacterViewModel.swift */ = {isa = PBXFileReference; lastKnownFileType = sourcecode.swift; path = CharacterViewModel.swift; sourceTree = "<group>"; };
		BB09292A290E06B200C33ECA /* StatusView.swift */ = {isa = PBXFileReference; lastKnownFileType = sourcecode.swift; path = StatusView.swift; sourceTree = "<group>"; };
		BB09292D290E06F300C33ECA /* GenderView.swift */ = {isa = PBXFileReference; lastKnownFileType = sourcecode.swift; path = GenderView.swift; sourceTree = "<group>"; };
/* End PBXFileReference section */

/* Begin PBXFrameworksBuildPhase section */
		BB0928D3290D165E00C33ECA /* Frameworks */ = {
			isa = PBXFrameworksBuildPhase;
			buildActionMask = 2147483647;
			files = (
			);
			runOnlyForDeploymentPostprocessing = 0;
		};
		BB0928E3290D166000C33ECA /* Frameworks */ = {
			isa = PBXFrameworksBuildPhase;
			buildActionMask = 2147483647;
			files = (
			);
			runOnlyForDeploymentPostprocessing = 0;
		};
		BB0928ED290D166000C33ECA /* Frameworks */ = {
			isa = PBXFrameworksBuildPhase;
			buildActionMask = 2147483647;
			files = (
			);
			runOnlyForDeploymentPostprocessing = 0;
		};
/* End PBXFrameworksBuildPhase section */

/* Begin PBXGroup section */
		BB0928CD290D165E00C33ECA = {
			isa = PBXGroup;
			children = (
				BB0928D8290D165E00C33ECA /* RickAndMorty */,
				BB0928E9290D166000C33ECA /* RickAndMortyTests */,
				BB0928F3290D166000C33ECA /* RickAndMortyUITests */,
				BB0928D7290D165E00C33ECA /* Products */,
			);
			sourceTree = "<group>";
		};
		BB0928D7290D165E00C33ECA /* Products */ = {
			isa = PBXGroup;
			children = (
				BB0928D6290D165E00C33ECA /* RickAndMorty.app */,
				BB0928E6290D166000C33ECA /* RickAndMortyTests.xctest */,
				BB0928F0290D166000C33ECA /* RickAndMortyUITests.xctest */,
			);
			name = Products;
			sourceTree = "<group>";
		};
		BB0928D8290D165E00C33ECA /* RickAndMorty */ = {
			isa = PBXGroup;
			children = (
				BB092908290D1F4200C33ECA /* Feature */,
				BB092904290D190100C33ECA /* Components */,
				BB092903290D18F200C33ECA /* Helpers */,
				BB0928D9290D165E00C33ECA /* RickAndMortyApp.swift */,
				BB0928DB290D165E00C33ECA /* ContentView.swift */,
				BB0928DD290D166000C33ECA /* Assets.xcassets */,
				BB0928DF290D166000C33ECA /* Preview Content */,
			);
			path = RickAndMorty;
			sourceTree = "<group>";
		};
		BB0928DF290D166000C33ECA /* Preview Content */ = {
			isa = PBXGroup;
			children = (
				BB0928E0290D166000C33ECA /* Preview Assets.xcassets */,
			);
			path = "Preview Content";
			sourceTree = "<group>";
		};
		BB0928E9290D166000C33ECA /* RickAndMortyTests */ = {
			isa = PBXGroup;
			children = (
				BB0928EA290D166000C33ECA /* RickAndMortyTests.swift */,
			);
			path = RickAndMortyTests;
			sourceTree = "<group>";
		};
		BB0928F3290D166000C33ECA /* RickAndMortyUITests */ = {
			isa = PBXGroup;
			children = (
				BB0928F4290D166000C33ECA /* RickAndMortyUITests.swift */,
				BB0928F6290D166000C33ECA /* RickAndMortyUITestsLaunchTests.swift */,
			);
			path = RickAndMortyUITests;
			sourceTree = "<group>";
		};
		BB092903290D18F200C33ECA /* Helpers */ = {
			isa = PBXGroup;
			children = (
				BB092905290D1A4A00C33ECA /* Constants */,
			);
			path = Helpers;
			sourceTree = "<group>";
		};
		BB092904290D190100C33ECA /* Components */ = {
			isa = PBXGroup;
			children = (
				BB09292A290E06B200C33ECA /* StatusView.swift */,
				BB09292D290E06F300C33ECA /* GenderView.swift */,
			);
			path = Components;
			sourceTree = "<group>";
		};
		BB092905290D1A4A00C33ECA /* Constants */ = {
			isa = PBXGroup;
			children = (
				BB092906290D1A6700C33ECA /* API.swift */,
			);
			path = Constants;
			sourceTree = "<group>";
		};
		BB092908290D1F4200C33ECA /* Feature */ = {
			isa = PBXGroup;
			children = (
				BB09290A290D21AF00C33ECA /* Characters */,
				BB09290B290D21B600C33ECA /* Episodes */,
			);
			path = Feature;
			sourceTree = "<group>";
		};
		BB09290A290D21AF00C33ECA /* Characters */ = {
			isa = PBXGroup;
			children = (
				BB092926290DC1E400C33ECA /* ViewModel */,
				BB092922290D6F6500C33ECA /* Service */,
				BB09291E290D40D800C33ECA /* Views */,
				BB09291A290D3A3E00C33ECA /* Screen */,
				BB09290D290D222C00C33ECA /* Model */,
			);
			path = Characters;
			sourceTree = "<group>";
		};
		BB09290B290D21B600C33ECA /* Episodes */ = {
			isa = PBXGroup;
			children = (
				BB09290C290D222400C33ECA /* Model */,
			);
			path = Episodes;
			sourceTree = "<group>";
		};
		BB09290C290D222400C33ECA /* Model */ = {
			isa = PBXGroup;
			children = (
				BB09290E290D226C00C33ECA /* Episode.swift */,
			);
			path = Model;
			sourceTree = "<group>";
		};
		BB09290D290D222C00C33ECA /* Model */ = {
			isa = PBXGroup;
			children = (
				BB092911290D228200C33ECA /* Character.swift */,
				BB092914290D345400C33ECA /* Location.swift */,
				BB092917290D346000C33ECA /* Origin.swift */,
			);
			path = Model;
			sourceTree = "<group>";
		};
		BB09291A290D3A3E00C33ECA /* Screen */ = {
			isa = PBXGroup;
			children = (
				BB09291B290D3A5B00C33ECA /* CharactersScreen.swift */,
			);
			path = Screen;
			sourceTree = "<group>";
		};
		BB09291E290D40D800C33ECA /* Views */ = {
			isa = PBXGroup;
			children = (
				BB09291F290D40EA00C33ECA /* CharacterView.swift */,
			);
			path = Views;
			sourceTree = "<group>";
		};
		BB092922290D6F6500C33ECA /* Service */ = {
			isa = PBXGroup;
			children = (
				BB092923290D6F9600C33ECA /* CharactersService.swift */,
			);
			path = Service;
			sourceTree = "<group>";
		};
		BB092926290DC1E400C33ECA /* ViewModel */ = {
			isa = PBXGroup;
			children = (
				BB092927290DC1FD00C33ECA /* CharacterViewModel.swift */,
			);
			path = ViewModel;
			sourceTree = "<group>";
		};
/* End PBXGroup section */

/* Begin PBXNativeTarget section */
		BB0928D5290D165E00C33ECA /* RickAndMorty */ = {
			isa = PBXNativeTarget;
			buildConfigurationList = BB0928FA290D166000C33ECA /* Build configuration list for PBXNativeTarget "RickAndMorty" */;
			buildPhases = (
				BB0928D2290D165E00C33ECA /* Sources */,
				BB0928D3290D165E00C33ECA /* Frameworks */,
				BB0928D4290D165E00C33ECA /* Resources */,
			);
			buildRules = (
			);
			dependencies = (
			);
			name = RickAndMorty;
			productName = RickAndMorty;
			productReference = BB0928D6290D165E00C33ECA /* RickAndMorty.app */;
			productType = "com.apple.product-type.application";
		};
		BB0928E5290D166000C33ECA /* RickAndMortyTests */ = {
			isa = PBXNativeTarget;
			buildConfigurationList = BB0928FD290D166000C33ECA /* Build configuration list for PBXNativeTarget "RickAndMortyTests" */;
			buildPhases = (
				BB0928E2290D166000C33ECA /* Sources */,
				BB0928E3290D166000C33ECA /* Frameworks */,
				BB0928E4290D166000C33ECA /* Resources */,
			);
			buildRules = (
			);
			dependencies = (
				BB0928E8290D166000C33ECA /* PBXTargetDependency */,
			);
			name = RickAndMortyTests;
			productName = RickAndMortyTests;
			productReference = BB0928E6290D166000C33ECA /* RickAndMortyTests.xctest */;
			productType = "com.apple.product-type.bundle.unit-test";
		};
		BB0928EF290D166000C33ECA /* RickAndMortyUITests */ = {
			isa = PBXNativeTarget;
			buildConfigurationList = BB092900290D166000C33ECA /* Build configuration list for PBXNativeTarget "RickAndMortyUITests" */;
			buildPhases = (
				BB0928EC290D166000C33ECA /* Sources */,
				BB0928ED290D166000C33ECA /* Frameworks */,
				BB0928EE290D166000C33ECA /* Resources */,
			);
			buildRules = (
			);
			dependencies = (
				BB0928F2290D166000C33ECA /* PBXTargetDependency */,
			);
			name = RickAndMortyUITests;
			productName = RickAndMortyUITests;
			productReference = BB0928F0290D166000C33ECA /* RickAndMortyUITests.xctest */;
			productType = "com.apple.product-type.bundle.ui-testing";
		};
/* End PBXNativeTarget section */

/* Begin PBXProject section */
		BB0928CE290D165E00C33ECA /* Project object */ = {
			isa = PBXProject;
			attributes = {
				BuildIndependentTargetsInParallel = 1;
				LastSwiftUpdateCheck = 1400;
				LastUpgradeCheck = 1400;
				TargetAttributes = {
					BB0928D5290D165E00C33ECA = {
						CreatedOnToolsVersion = 14.0.1;
					};
					BB0928E5290D166000C33ECA = {
						CreatedOnToolsVersion = 14.0.1;
						TestTargetID = BB0928D5290D165E00C33ECA;
					};
					BB0928EF290D166000C33ECA = {
						CreatedOnToolsVersion = 14.0.1;
						TestTargetID = BB0928D5290D165E00C33ECA;
					};
				};
			};
			buildConfigurationList = BB0928D1290D165E00C33ECA /* Build configuration list for PBXProject "RickAndMorty" */;
			compatibilityVersion = "Xcode 14.0";
			developmentRegion = en;
			hasScannedForEncodings = 0;
			knownRegions = (
				en,
				Base,
			);
			mainGroup = BB0928CD290D165E00C33ECA;
			productRefGroup = BB0928D7290D165E00C33ECA /* Products */;
			projectDirPath = "";
			projectRoot = "";
			targets = (
				BB0928D5290D165E00C33ECA /* RickAndMorty */,
				BB0928E5290D166000C33ECA /* RickAndMortyTests */,
				BB0928EF290D166000C33ECA /* RickAndMortyUITests */,
			);
		};
/* End PBXProject section */

/* Begin PBXResourcesBuildPhase section */
		BB0928D4290D165E00C33ECA /* Resources */ = {
			isa = PBXResourcesBuildPhase;
			buildActionMask = 2147483647;
			files = (
				BB0928E1290D166000C33ECA /* Preview Assets.xcassets in Resources */,
				BB0928DE290D166000C33ECA /* Assets.xcassets in Resources */,
			);
			runOnlyForDeploymentPostprocessing = 0;
		};
		BB0928E4290D166000C33ECA /* Resources */ = {
			isa = PBXResourcesBuildPhase;
			buildActionMask = 2147483647;
			files = (
			);
			runOnlyForDeploymentPostprocessing = 0;
		};
		BB0928EE290D166000C33ECA /* Resources */ = {
			isa = PBXResourcesBuildPhase;
			buildActionMask = 2147483647;
			files = (
			);
			runOnlyForDeploymentPostprocessing = 0;
		};
/* End PBXResourcesBuildPhase section */

/* Begin PBXSourcesBuildPhase section */
		BB0928D2290D165E00C33ECA /* Sources */ = {
			isa = PBXSourcesBuildPhase;
			buildActionMask = 2147483647;
			files = (
				BB0928DC290D165E00C33ECA /* ContentView.swift in Sources */,
				BB09291C290D3A5B00C33ECA /* CharactersScreen.swift in Sources */,
				BB09292B290E06B200C33ECA /* StatusView.swift in Sources */,
				BB09290F290D226C00C33ECA /* Episode.swift in Sources */,
				BB09292E290E06F300C33ECA /* GenderView.swift in Sources */,
				BB092912290D228200C33ECA /* Character.swift in Sources */,
				BB092907290D1A6700C33ECA /* API.swift in Sources */,
				BB092915290D345400C33ECA /* Location.swift in Sources */,
				BB092928290DC1FD00C33ECA /* CharacterViewModel.swift in Sources */,
				BB092920290D40EA00C33ECA /* CharacterView.swift in Sources */,
				BB0928DA290D165E00C33ECA /* RickAndMortyApp.swift in Sources */,
				BB092918290D346000C33ECA /* Origin.swift in Sources */,
				BB092924290D6F9600C33ECA /* CharactersService.swift in Sources */,
			);
			runOnlyForDeploymentPostprocessing = 0;
		};
		BB0928E2290D166000C33ECA /* Sources */ = {
			isa = PBXSourcesBuildPhase;
			buildActionMask = 2147483647;
			files = (
				BB092913290D228200C33ECA /* Character.swift in Sources */,
				BB092929290DC1FD00C33ECA /* CharacterViewModel.swift in Sources */,
				BB09291D290D3A5C00C33ECA /* CharactersScreen.swift in Sources */,
				BB0928EB290D166000C33ECA /* RickAndMortyTests.swift in Sources */,
				BB092932290E2B8B00C33ECA /* RickAndMortyApp.swift in Sources */,
				BB09292C290E06B200C33ECA /* StatusView.swift in Sources */,
				BB09293D290E2BAF00C33ECA /* API.swift in Sources */,
				BB09292F290E06F300C33ECA /* GenderView.swift in Sources */,
				BB092925290D6F9600C33ECA /* CharactersService.swift in Sources */,
				BB092916290D345400C33ECA /* Location.swift in Sources */,
				BB092910290D226C00C33ECA /* Episode.swift in Sources */,
				BB092934290E2B8F00C33ECA /* ContentView.swift in Sources */,
				BB092919290D346000C33ECA /* Origin.swift in Sources */,
				BB092921290D40EA00C33ECA /* CharacterView.swift in Sources */,
			);
			runOnlyForDeploymentPostprocessing = 0;
		};
		BB0928EC290D166000C33ECA /* Sources */ = {
			isa = PBXSourcesBuildPhase;
			buildActionMask = 2147483647;
			files = (
				BB092930290E2B7F00C33ECA /* GenderView.swift in Sources */,
				BB092936290E2B9600C33ECA /* CharacterViewModel.swift in Sources */,
				BB09293A290E2BA400C33ECA /* Character.swift in Sources */,
				BB0928F5290D166000C33ECA /* RickAndMortyUITests.swift in Sources */,
				BB092937290E2B9A00C33ECA /* CharactersService.swift in Sources */,
				BB092935290E2B8F00C33ECA /* ContentView.swift in Sources */,
				BB09293E290E2BAF00C33ECA /* API.swift in Sources */,
				BB09293C290E2BA900C33ECA /* Origin.swift in Sources */,
				BB092939290E2BA100C33ECA /* CharactersScreen.swift in Sources */,
				BB092931290E2B8600C33ECA /* StatusView.swift in Sources */,
				BB092938290E2B9D00C33ECA /* CharacterView.swift in Sources */,
				BB092933290E2B8C00C33ECA /* RickAndMortyApp.swift in Sources */,
				BB09293B290E2BA700C33ECA /* Location.swift in Sources */,
				BB09293F290E2BEE00C33ECA /* Episode.swift in Sources */,
				BB0928F7290D166000C33ECA /* RickAndMortyUITestsLaunchTests.swift in Sources */,
			);
			runOnlyForDeploymentPostprocessing = 0;
		};
/* End PBXSourcesBuildPhase section */

/* Begin PBXTargetDependency section */
		BB0928E8290D166000C33ECA /* PBXTargetDependency */ = {
			isa = PBXTargetDependency;
			target = BB0928D5290D165E00C33ECA /* RickAndMorty */;
			targetProxy = BB0928E7290D166000C33ECA /* PBXContainerItemProxy */;
		};
		BB0928F2290D166000C33ECA /* PBXTargetDependency */ = {
			isa = PBXTargetDependency;
			target = BB0928D5290D165E00C33ECA /* RickAndMorty */;
			targetProxy = BB0928F1290D166000C33ECA /* PBXContainerItemProxy */;
		};
/* End PBXTargetDependency section */

/* Begin XCBuildConfiguration section */
		BB0928F8290D166000C33ECA /* Debug */ = {
			isa = XCBuildConfiguration;
			buildSettings = {
				ALWAYS_SEARCH_USER_PATHS = NO;
				CLANG_ANALYZER_NONNULL = YES;
				CLANG_ANALYZER_NUMBER_OBJECT_CONVERSION = YES_AGGRESSIVE;
				CLANG_CXX_LANGUAGE_STANDARD = "gnu++20";
				CLANG_ENABLE_MODULES = YES;
				CLANG_ENABLE_OBJC_ARC = YES;
				CLANG_ENABLE_OBJC_WEAK = YES;
				CLANG_WARN_BLOCK_CAPTURE_AUTORELEASING = YES;
				CLANG_WARN_BOOL_CONVERSION = YES;
				CLANG_WARN_COMMA = YES;
				CLANG_WARN_CONSTANT_CONVERSION = YES;
				CLANG_WARN_DEPRECATED_OBJC_IMPLEMENTATIONS = YES;
				CLANG_WARN_DIRECT_OBJC_ISA_USAGE = YES_ERROR;
				CLANG_WARN_DOCUMENTATION_COMMENTS = YES;
				CLANG_WARN_EMPTY_BODY = YES;
				CLANG_WARN_ENUM_CONVERSION = YES;
				CLANG_WARN_INFINITE_RECURSION = YES;
				CLANG_WARN_INT_CONVERSION = YES;
				CLANG_WARN_NON_LITERAL_NULL_CONVERSION = YES;
				CLANG_WARN_OBJC_IMPLICIT_RETAIN_SELF = YES;
				CLANG_WARN_OBJC_LITERAL_CONVERSION = YES;
				CLANG_WARN_OBJC_ROOT_CLASS = YES_ERROR;
				CLANG_WARN_QUOTED_INCLUDE_IN_FRAMEWORK_HEADER = YES;
				CLANG_WARN_RANGE_LOOP_ANALYSIS = YES;
				CLANG_WARN_STRICT_PROTOTYPES = YES;
				CLANG_WARN_SUSPICIOUS_MOVE = YES;
				CLANG_WARN_UNGUARDED_AVAILABILITY = YES_AGGRESSIVE;
				CLANG_WARN_UNREACHABLE_CODE = YES;
				CLANG_WARN__DUPLICATE_METHOD_MATCH = YES;
				COPY_PHASE_STRIP = NO;
				DEBUG_INFORMATION_FORMAT = dwarf;
				ENABLE_STRICT_OBJC_MSGSEND = YES;
				ENABLE_TESTABILITY = YES;
				GCC_C_LANGUAGE_STANDARD = gnu11;
				GCC_DYNAMIC_NO_PIC = NO;
				GCC_NO_COMMON_BLOCKS = YES;
				GCC_OPTIMIZATION_LEVEL = 0;
				GCC_PREPROCESSOR_DEFINITIONS = (
					"DEBUG=1",
					"$(inherited)",
				);
				GCC_WARN_64_TO_32_BIT_CONVERSION = YES;
				GCC_WARN_ABOUT_RETURN_TYPE = YES_ERROR;
				GCC_WARN_UNDECLARED_SELECTOR = YES;
				GCC_WARN_UNINITIALIZED_AUTOS = YES_AGGRESSIVE;
				GCC_WARN_UNUSED_FUNCTION = YES;
				GCC_WARN_UNUSED_VARIABLE = YES;
				IPHONEOS_DEPLOYMENT_TARGET = 16.0;
				MTL_ENABLE_DEBUG_INFO = INCLUDE_SOURCE;
				MTL_FAST_MATH = YES;
				ONLY_ACTIVE_ARCH = YES;
				SDKROOT = iphoneos;
				SWIFT_ACTIVE_COMPILATION_CONDITIONS = DEBUG;
				SWIFT_OPTIMIZATION_LEVEL = "-Onone";
			};
			name = Debug;
		};
		BB0928F9290D166000C33ECA /* Release */ = {
			isa = XCBuildConfiguration;
			buildSettings = {
				ALWAYS_SEARCH_USER_PATHS = NO;
				CLANG_ANALYZER_NONNULL = YES;
				CLANG_ANALYZER_NUMBER_OBJECT_CONVERSION = YES_AGGRESSIVE;
				CLANG_CXX_LANGUAGE_STANDARD = "gnu++20";
				CLANG_ENABLE_MODULES = YES;
				CLANG_ENABLE_OBJC_ARC = YES;
				CLANG_ENABLE_OBJC_WEAK = YES;
				CLANG_WARN_BLOCK_CAPTURE_AUTORELEASING = YES;
				CLANG_WARN_BOOL_CONVERSION = YES;
				CLANG_WARN_COMMA = YES;
				CLANG_WARN_CONSTANT_CONVERSION = YES;
				CLANG_WARN_DEPRECATED_OBJC_IMPLEMENTATIONS = YES;
				CLANG_WARN_DIRECT_OBJC_ISA_USAGE = YES_ERROR;
				CLANG_WARN_DOCUMENTATION_COMMENTS = YES;
				CLANG_WARN_EMPTY_BODY = YES;
				CLANG_WARN_ENUM_CONVERSION = YES;
				CLANG_WARN_INFINITE_RECURSION = YES;
				CLANG_WARN_INT_CONVERSION = YES;
				CLANG_WARN_NON_LITERAL_NULL_CONVERSION = YES;
				CLANG_WARN_OBJC_IMPLICIT_RETAIN_SELF = YES;
				CLANG_WARN_OBJC_LITERAL_CONVERSION = YES;
				CLANG_WARN_OBJC_ROOT_CLASS = YES_ERROR;
				CLANG_WARN_QUOTED_INCLUDE_IN_FRAMEWORK_HEADER = YES;
				CLANG_WARN_RANGE_LOOP_ANALYSIS = YES;
				CLANG_WARN_STRICT_PROTOTYPES = YES;
				CLANG_WARN_SUSPICIOUS_MOVE = YES;
				CLANG_WARN_UNGUARDED_AVAILABILITY = YES_AGGRESSIVE;
				CLANG_WARN_UNREACHABLE_CODE = YES;
				CLANG_WARN__DUPLICATE_METHOD_MATCH = YES;
				COPY_PHASE_STRIP = NO;
				DEBUG_INFORMATION_FORMAT = "dwarf-with-dsym";
				ENABLE_NS_ASSERTIONS = NO;
				ENABLE_STRICT_OBJC_MSGSEND = YES;
				GCC_C_LANGUAGE_STANDARD = gnu11;
				GCC_NO_COMMON_BLOCKS = YES;
				GCC_WARN_64_TO_32_BIT_CONVERSION = YES;
				GCC_WARN_ABOUT_RETURN_TYPE = YES_ERROR;
				GCC_WARN_UNDECLARED_SELECTOR = YES;
				GCC_WARN_UNINITIALIZED_AUTOS = YES_AGGRESSIVE;
				GCC_WARN_UNUSED_FUNCTION = YES;
				GCC_WARN_UNUSED_VARIABLE = YES;
				IPHONEOS_DEPLOYMENT_TARGET = 16.0;
				MTL_ENABLE_DEBUG_INFO = NO;
				MTL_FAST_MATH = YES;
				SDKROOT = iphoneos;
				SWIFT_COMPILATION_MODE = wholemodule;
				SWIFT_OPTIMIZATION_LEVEL = "-O";
				VALIDATE_PRODUCT = YES;
			};
			name = Release;
		};
		BB0928FB290D166000C33ECA /* Debug */ = {
			isa = XCBuildConfiguration;
			buildSettings = {
				ASSETCATALOG_COMPILER_APPICON_NAME = AppIcon;
				ASSETCATALOG_COMPILER_GLOBAL_ACCENT_COLOR_NAME = AccentColor;
				CODE_SIGN_STYLE = Automatic;
				CURRENT_PROJECT_VERSION = 1;
				DEVELOPMENT_ASSET_PATHS = "\"RickAndMorty/Preview Content\"";
				DEVELOPMENT_TEAM = QQ2849RNR8;
				ENABLE_PREVIEWS = YES;
				GENERATE_INFOPLIST_FILE = YES;
				INFOPLIST_KEY_UIApplicationSceneManifest_Generation = YES;
				INFOPLIST_KEY_UIApplicationSupportsIndirectInputEvents = YES;
				INFOPLIST_KEY_UILaunchScreen_Generation = YES;
				INFOPLIST_KEY_UISupportedInterfaceOrientations_iPad = "UIInterfaceOrientationPortrait UIInterfaceOrientationPortraitUpsideDown UIInterfaceOrientationLandscapeLeft UIInterfaceOrientationLandscapeRight";
				INFOPLIST_KEY_UISupportedInterfaceOrientations_iPhone = "UIInterfaceOrientationPortrait UIInterfaceOrientationLandscapeLeft UIInterfaceOrientationLandscapeRight";
				LD_RUNPATH_SEARCH_PATHS = (
					"$(inherited)",
					"@executable_path/Frameworks",
				);
				MARKETING_VERSION = 1.0;
				PRODUCT_BUNDLE_IDENTIFIER = com.shangz.RickAndMorty;
				PRODUCT_NAME = "$(TARGET_NAME)";
				SWIFT_EMIT_LOC_STRINGS = YES;
				SWIFT_VERSION = 5.0;
				TARGETED_DEVICE_FAMILY = "1,2";
			};
			name = Debug;
		};
		BB0928FC290D166000C33ECA /* Release */ = {
			isa = XCBuildConfiguration;
			buildSettings = {
				ASSETCATALOG_COMPILER_APPICON_NAME = AppIcon;
				ASSETCATALOG_COMPILER_GLOBAL_ACCENT_COLOR_NAME = AccentColor;
				CODE_SIGN_STYLE = Automatic;
				CURRENT_PROJECT_VERSION = 1;
				DEVELOPMENT_ASSET_PATHS = "\"RickAndMorty/Preview Content\"";
				DEVELOPMENT_TEAM = QQ2849RNR8;
				ENABLE_PREVIEWS = YES;
				GENERATE_INFOPLIST_FILE = YES;
				INFOPLIST_KEY_UIApplicationSceneManifest_Generation = YES;
				INFOPLIST_KEY_UIApplicationSupportsIndirectInputEvents = YES;
				INFOPLIST_KEY_UILaunchScreen_Generation = YES;
				INFOPLIST_KEY_UISupportedInterfaceOrientations_iPad = "UIInterfaceOrientationPortrait UIInterfaceOrientationPortraitUpsideDown UIInterfaceOrientationLandscapeLeft UIInterfaceOrientationLandscapeRight";
				INFOPLIST_KEY_UISupportedInterfaceOrientations_iPhone = "UIInterfaceOrientationPortrait UIInterfaceOrientationLandscapeLeft UIInterfaceOrientationLandscapeRight";
				LD_RUNPATH_SEARCH_PATHS = (
					"$(inherited)",
					"@executable_path/Frameworks",
				);
				MARKETING_VERSION = 1.0;
				PRODUCT_BUNDLE_IDENTIFIER = com.shangz.RickAndMorty;
				PRODUCT_NAME = "$(TARGET_NAME)";
				SWIFT_EMIT_LOC_STRINGS = YES;
				SWIFT_VERSION = 5.0;
				TARGETED_DEVICE_FAMILY = "1,2";
			};
			name = Release;
		};
		BB0928FE290D166000C33ECA /* Debug */ = {
			isa = XCBuildConfiguration;
			buildSettings = {
				ALWAYS_EMBED_SWIFT_STANDARD_LIBRARIES = YES;
				BUNDLE_LOADER = "$(TEST_HOST)";
				CODE_SIGN_STYLE = Automatic;
				CURRENT_PROJECT_VERSION = 1;
				DEVELOPMENT_TEAM = QQ2849RNR8;
				GENERATE_INFOPLIST_FILE = YES;
				IPHONEOS_DEPLOYMENT_TARGET = 16.0;
				MARKETING_VERSION = 1.0;
				PRODUCT_BUNDLE_IDENTIFIER = com.shangz.RickAndMortyTests;
				PRODUCT_NAME = "$(TARGET_NAME)";
				SWIFT_EMIT_LOC_STRINGS = NO;
				SWIFT_VERSION = 5.0;
				TARGETED_DEVICE_FAMILY = "1,2";
				TEST_HOST = "$(BUILT_PRODUCTS_DIR)/RickAndMorty.app/$(BUNDLE_EXECUTABLE_FOLDER_PATH)/RickAndMorty";
			};
			name = Debug;
		};
		BB0928FF290D166000C33ECA /* Release */ = {
			isa = XCBuildConfiguration;
			buildSettings = {
				ALWAYS_EMBED_SWIFT_STANDARD_LIBRARIES = YES;
				BUNDLE_LOADER = "$(TEST_HOST)";
				CODE_SIGN_STYLE = Automatic;
				CURRENT_PROJECT_VERSION = 1;
				DEVELOPMENT_TEAM = QQ2849RNR8;
				GENERATE_INFOPLIST_FILE = YES;
				IPHONEOS_DEPLOYMENT_TARGET = 16.0;
				MARKETING_VERSION = 1.0;
				PRODUCT_BUNDLE_IDENTIFIER = com.shangz.RickAndMortyTests;
				PRODUCT_NAME = "$(TARGET_NAME)";
				SWIFT_EMIT_LOC_STRINGS = NO;
				SWIFT_VERSION = 5.0;
				TARGETED_DEVICE_FAMILY = "1,2";
				TEST_HOST = "$(BUILT_PRODUCTS_DIR)/RickAndMorty.app/$(BUNDLE_EXECUTABLE_FOLDER_PATH)/RickAndMorty";
			};
			name = Release;
		};
		BB092901290D166000C33ECA /* Debug */ = {
			isa = XCBuildConfiguration;
			buildSettings = {
				ALWAYS_EMBED_SWIFT_STANDARD_LIBRARIES = YES;
				CODE_SIGN_STYLE = Automatic;
				CURRENT_PROJECT_VERSION = 1;
				DEVELOPMENT_TEAM = QQ2849RNR8;
				GENERATE_INFOPLIST_FILE = YES;
				MARKETING_VERSION = 1.0;
				PRODUCT_BUNDLE_IDENTIFIER = com.shangz.RickAndMortyUITests;
				PRODUCT_NAME = "$(TARGET_NAME)";
				SWIFT_EMIT_LOC_STRINGS = NO;
				SWIFT_VERSION = 5.0;
				TARGETED_DEVICE_FAMILY = "1,2";
				TEST_TARGET_NAME = RickAndMorty;
			};
			name = Debug;
		};
		BB092902290D166000C33ECA /* Release */ = {
			isa = XCBuildConfiguration;
			buildSettings = {
				ALWAYS_EMBED_SWIFT_STANDARD_LIBRARIES = YES;
				CODE_SIGN_STYLE = Automatic;
				CURRENT_PROJECT_VERSION = 1;
				DEVELOPMENT_TEAM = QQ2849RNR8;
				GENERATE_INFOPLIST_FILE = YES;
				MARKETING_VERSION = 1.0;
				PRODUCT_BUNDLE_IDENTIFIER = com.shangz.RickAndMortyUITests;
				PRODUCT_NAME = "$(TARGET_NAME)";
				SWIFT_EMIT_LOC_STRINGS = NO;
				SWIFT_VERSION = 5.0;
				TARGETED_DEVICE_FAMILY = "1,2";
				TEST_TARGET_NAME = RickAndMorty;
			};
			name = Release;
		};
/* End XCBuildConfiguration section */

/* Begin XCConfigurationList section */
		BB0928D1290D165E00C33ECA /* Build configuration list for PBXProject "RickAndMorty" */ = {
			isa = XCConfigurationList;
			buildConfigurations = (
				BB0928F8290D166000C33ECA /* Debug */,
				BB0928F9290D166000C33ECA /* Release */,
			);
			defaultConfigurationIsVisible = 0;
			defaultConfigurationName = Release;
		};
		BB0928FA290D166000C33ECA /* Build configuration list for PBXNativeTarget "RickAndMorty" */ = {
			isa = XCConfigurationList;
			buildConfigurations = (
				BB0928FB290D166000C33ECA /* Debug */,
				BB0928FC290D166000C33ECA /* Release */,
			);
			defaultConfigurationIsVisible = 0;
			defaultConfigurationName = Release;
		};
		BB0928FD290D166000C33ECA /* Build configuration list for PBXNativeTarget "RickAndMortyTests" */ = {
			isa = XCConfigurationList;
			buildConfigurations = (
				BB0928FE290D166000C33ECA /* Debug */,
				BB0928FF290D166000C33ECA /* Release */,
			);
			defaultConfigurationIsVisible = 0;
			defaultConfigurationName = Release;
		};
		BB092900290D166000C33ECA /* Build configuration list for PBXNativeTarget "RickAndMortyUITests" */ = {
			isa = XCConfigurationList;
			buildConfigurations = (
				BB092901290D166000C33ECA /* Debug */,
				BB092902290D166000C33ECA /* Release */,
			);
			defaultConfigurationIsVisible = 0;
			defaultConfigurationName = Release;
		};
/* End XCConfigurationList section */
	};
	rootObject = BB0928CE290D165E00C33ECA /* Project object */;
}
